// !$*UTF8*$!
{
	archiveVersion = 1;
	classes = {
	};
	objectVersion = 56;
	objects = {

/* Begin PBXBuildFile section */
		4C79BECE2A553F0D006A793C /* LangSwitchApp.swift in Sources */ = {isa = PBXBuildFile; fileRef = 4C79BECD2A553F0D006A793C /* LangSwitchApp.swift */; };
		4C79BED02A553F0D006A793C /* AppDelegate.swift in Sources */ = {isa = PBXBuildFile; fileRef = 4C79BECF2A553F0D006A793C /* AppDelegate.swift */; };
		4C79BED22A553F0E006A793C /* Assets.xcassets in Resources */ = {isa = PBXBuildFile; fileRef = 4C79BED12A553F0E006A793C /* Assets.xcassets */; };
		4C79BED52A553F0E006A793C /* Preview Assets.xcassets in Resources */ = {isa = PBXBuildFile; fileRef = 4C79BED42A553F0E006A793C /* Preview Assets.xcassets */; };
/* End PBXBuildFile section */

/* Begin PBXContainerItemProxy section */
		4C79BEDC2A553F0E006A793C /* PBXContainerItemProxy */ = {
			isa = PBXContainerItemProxy;
			containerPortal = 4C79BEC22A553F0D006A793C /* Project object */;
			proxyType = 1;
			remoteGlobalIDString = 4C79BEC92A553F0D006A793C;
			remoteInfo = LangSwitch;
		};
		4C79BEE62A553F0E006A793C /* PBXContainerItemProxy */ = {
			isa = PBXContainerItemProxy;
			containerPortal = 4C79BEC22A553F0D006A793C /* Project object */;
			proxyType = 1;
			remoteGlobalIDString = 4C79BEC92A553F0D006A793C;
			remoteInfo = LangSwitch;
		};
/* End PBXContainerItemProxy section */

/* Begin PBXFileReference section */
		4C79BECA2A553F0D006A793C /* LangSwitch.app */ = {isa = PBXFileReference; explicitFileType = wrapper.application; includeInIndex = 0; path = LangSwitch.app; sourceTree = BUILT_PRODUCTS_DIR; };
		4C79BECD2A553F0D006A793C /* LangSwitchApp.swift */ = {isa = PBXFileReference; lastKnownFileType = sourcecode.swift; path = LangSwitchApp.swift; sourceTree = "<group>"; };
		4C79BECF2A553F0D006A793C /* AppDelegate.swift */ = {isa = PBXFileReference; lastKnownFileType = sourcecode.swift; path = AppDelegate.swift; sourceTree = "<group>"; };
		4C79BED12A553F0E006A793C /* Assets.xcassets */ = {isa = PBXFileReference; lastKnownFileType = folder.assetcatalog; path = Assets.xcassets; sourceTree = "<group>"; };
		4C79BED42A553F0E006A793C /* Preview Assets.xcassets */ = {isa = PBXFileReference; lastKnownFileType = folder.assetcatalog; path = "Preview Assets.xcassets"; sourceTree = "<group>"; };
		4C79BED62A553F0E006A793C /* LangSwitch.entitlements */ = {isa = PBXFileReference; lastKnownFileType = text.plist.entitlements; path = LangSwitch.entitlements; sourceTree = "<group>"; };
		4C79BEDB2A553F0E006A793C /* LangSwitchTests.xctest */ = {isa = PBXFileReference; explicitFileType = wrapper.cfbundle; includeInIndex = 0; path = LangSwitchTests.xctest; sourceTree = BUILT_PRODUCTS_DIR; };
		4C79BEE52A553F0E006A793C /* LangSwitchUITests.xctest */ = {isa = PBXFileReference; explicitFileType = wrapper.cfbundle; includeInIndex = 0; path = LangSwitchUITests.xctest; sourceTree = BUILT_PRODUCTS_DIR; };
/* End PBXFileReference section */

/* Begin PBXFrameworksBuildPhase section */
		4C79BEC72A553F0D006A793C /* Frameworks */ = {
			isa = PBXFrameworksBuildPhase;
			buildActionMask = 2147483647;
			files = (
			);
			runOnlyForDeploymentPostprocessing = 0;
		};
		4C79BED82A553F0E006A793C /* Frameworks */ = {
			isa = PBXFrameworksBuildPhase;
			buildActionMask = 2147483647;
			files = (
			);
			runOnlyForDeploymentPostprocessing = 0;
		};
		4C79BEE22A553F0E006A793C /* Frameworks */ = {
			isa = PBXFrameworksBuildPhase;
			buildActionMask = 2147483647;
			files = (
			);
			runOnlyForDeploymentPostprocessing = 0;
		};
/* End PBXFrameworksBuildPhase section */

/* Begin PBXGroup section */
		4C79BEC12A553F0D006A793C = {
			isa = PBXGroup;
			children = (
				4C79BECC2A553F0D006A793C /* LangSwitch */,
				4C79BECB2A553F0D006A793C /* Products */,
			);
			sourceTree = "<group>";
		};
		4C79BECB2A553F0D006A793C /* Products */ = {
			isa = PBXGroup;
			children = (
				4C79BECA2A553F0D006A793C /* LangSwitch.app */,
				4C79BEDB2A553F0E006A793C /* LangSwitchTests.xctest */,
				4C79BEE52A553F0E006A793C /* LangSwitchUITests.xctest */,
			);
			name = Products;
			sourceTree = "<group>";
		};
		4C79BECC2A553F0D006A793C /* LangSwitch */ = {
			isa = PBXGroup;
			children = (
				4C79BECD2A553F0D006A793C /* LangSwitchApp.swift */,
				4C79BECF2A553F0D006A793C /* AppDelegate.swift */,
				4C79BED12A553F0E006A793C /* Assets.xcassets */,
				4C79BED62A553F0E006A793C /* LangSwitch.entitlements */,
				4C79BED32A553F0E006A793C /* Preview Content */,
			);
			path = LangSwitch;
			sourceTree = "<group>";
		};
		4C79BED32A553F0E006A793C /* Preview Content */ = {
			isa = PBXGroup;
			children = (
				4C79BED42A553F0E006A793C /* Preview Assets.xcassets */,
			);
			path = "Preview Content";
			sourceTree = "<group>";
		};
/* End PBXGroup section */

/* Begin PBXNativeTarget section */
		4C79BEC92A553F0D006A793C /* LangSwitch */ = {
			isa = PBXNativeTarget;
			buildConfigurationList = 4C79BEEF2A553F0E006A793C /* Build configuration list for PBXNativeTarget "LangSwitch" */;
			buildPhases = (
				4C79BEC62A553F0D006A793C /* Sources */,
				4C79BEC72A553F0D006A793C /* Frameworks */,
				4C79BEC82A553F0D006A793C /* Resources */,
			);
			buildRules = (
			);
			dependencies = (
			);
			name = LangSwitch;
			productName = LangSwitch;
			productReference = 4C79BECA2A553F0D006A793C /* LangSwitch.app */;
			productType = "com.apple.product-type.application";
		};
		4C79BEDA2A553F0E006A793C /* LangSwitchTests */ = {
			isa = PBXNativeTarget;
			buildConfigurationList = 4C79BEF22A553F0E006A793C /* Build configuration list for PBXNativeTarget "LangSwitchTests" */;
			buildPhases = (
				4C79BED72A553F0E006A793C /* Sources */,
				4C79BED82A553F0E006A793C /* Frameworks */,
				4C79BED92A553F0E006A793C /* Resources */,
			);
			buildRules = (
			);
			dependencies = (
				4C79BEDD2A553F0E006A793C /* PBXTargetDependency */,
			);
			name = LangSwitchTests;
			productName = LangSwitchTests;
			productReference = 4C79BEDB2A553F0E006A793C /* LangSwitchTests.xctest */;
			productType = "com.apple.product-type.bundle.unit-test";
		};
		4C79BEE42A553F0E006A793C /* LangSwitchUITests */ = {
			isa = PBXNativeTarget;
			buildConfigurationList = 4C79BEF52A553F0E006A793C /* Build configuration list for PBXNativeTarget "LangSwitchUITests" */;
			buildPhases = (
				4C79BEE12A553F0E006A793C /* Sources */,
				4C79BEE22A553F0E006A793C /* Frameworks */,
				4C79BEE32A553F0E006A793C /* Resources */,
			);
			buildRules = (
			);
			dependencies = (
				4C79BEE72A553F0E006A793C /* PBXTargetDependency */,
			);
			name = LangSwitchUITests;
			productName = LangSwitchUITests;
			productReference = 4C79BEE52A553F0E006A793C /* LangSwitchUITests.xctest */;
			productType = "com.apple.product-type.bundle.ui-testing";
		};
/* End PBXNativeTarget section */

/* Begin PBXProject section */
		4C79BEC22A553F0D006A793C /* Project object */ = {
			isa = PBXProject;
			attributes = {
				BuildIndependentTargetsInParallel = 1;
				LastSwiftUpdateCheck = 1430;
				LastUpgradeCheck = 1430;
				TargetAttributes = {
					4C79BEC92A553F0D006A793C = {
						CreatedOnToolsVersion = 14.3.1;
					};
					4C79BEDA2A553F0E006A793C = {
						CreatedOnToolsVersion = 14.3.1;
						TestTargetID = 4C79BEC92A553F0D006A793C;
					};
					4C79BEE42A553F0E006A793C = {
						CreatedOnToolsVersion = 14.3.1;
						TestTargetID = 4C79BEC92A553F0D006A793C;
					};
				};
			};
			buildConfigurationList = 4C79BEC52A553F0D006A793C /* Build configuration list for PBXProject "LangSwitch" */;
			compatibilityVersion = "Xcode 14.0";
			developmentRegion = en;
			hasScannedForEncodings = 0;
			knownRegions = (
				en,
				Base,
			);
			mainGroup = 4C79BEC12A553F0D006A793C;
			productRefGroup = 4C79BECB2A553F0D006A793C /* Products */;
			projectDirPath = "";
			projectRoot = "";
			targets = (
				4C79BEC92A553F0D006A793C /* LangSwitch */,
				4C79BEDA2A553F0E006A793C /* LangSwitchTests */,
				4C79BEE42A553F0E006A793C /* LangSwitchUITests */,
			);
		};
/* End PBXProject section */

/* Begin PBXResourcesBuildPhase section */
		4C79BEC82A553F0D006A793C /* Resources */ = {
			isa = PBXResourcesBuildPhase;
			buildActionMask = 2147483647;
			files = (
				4C79BED52A553F0E006A793C /* Preview Assets.xcassets in Resources */,
				4C79BED22A553F0E006A793C /* Assets.xcassets in Resources */,
			);
			runOnlyForDeploymentPostprocessing = 0;
		};
		4C79BED92A553F0E006A793C /* Resources */ = {
			isa = PBXResourcesBuildPhase;
			buildActionMask = 2147483647;
			files = (
			);
			runOnlyForDeploymentPostprocessing = 0;
		};
		4C79BEE32A553F0E006A793C /* Resources */ = {
			isa = PBXResourcesBuildPhase;
			buildActionMask = 2147483647;
			files = (
			);
			runOnlyForDeploymentPostprocessing = 0;
		};
/* End PBXResourcesBuildPhase section */

/* Begin PBXSourcesBuildPhase section */
		4C79BEC62A553F0D006A793C /* Sources */ = {
			isa = PBXSourcesBuildPhase;
			buildActionMask = 2147483647;
			files = (
				4C79BED02A553F0D006A793C /* AppDelegate.swift in Sources */,
				4C79BECE2A553F0D006A793C /* LangSwitchApp.swift in Sources */,
			);
			runOnlyForDeploymentPostprocessing = 0;
		};
		4C79BED72A553F0E006A793C /* Sources */ = {
			isa = PBXSourcesBuildPhase;
			buildActionMask = 2147483647;
			files = (
			);
			runOnlyForDeploymentPostprocessing = 0;
		};
		4C79BEE12A553F0E006A793C /* Sources */ = {
			isa = PBXSourcesBuildPhase;
			buildActionMask = 2147483647;
			files = (
			);
			runOnlyForDeploymentPostprocessing = 0;
		};
/* End PBXSourcesBuildPhase section */

/* Begin PBXTargetDependency section */
		4C79BEDD2A553F0E006A793C /* PBXTargetDependency */ = {
			isa = PBXTargetDependency;
			target = 4C79BEC92A553F0D006A793C /* LangSwitch */;
			targetProxy = 4C79BEDC2A553F0E006A793C /* PBXContainerItemProxy */;
		};
		4C79BEE72A553F0E006A793C /* PBXTargetDependency */ = {
			isa = PBXTargetDependency;
			target = 4C79BEC92A553F0D006A793C /* LangSwitch */;
			targetProxy = 4C79BEE62A553F0E006A793C /* PBXContainerItemProxy */;
		};
/* End PBXTargetDependency section */

/* Begin XCBuildConfiguration section */
		4C79BEED2A553F0E006A793C /* Debug */ = {
			isa = XCBuildConfiguration;
			buildSettings = {
				ALWAYS_SEARCH_USER_PATHS = NO;
				CLANG_ANALYZER_NONNULL = YES;
				CLANG_ANALYZER_NUMBER_OBJECT_CONVERSION = YES_AGGRESSIVE;
				CLANG_CXX_LANGUAGE_STANDARD = "gnu++20";
				CLANG_ENABLE_MODULES = YES;
				CLANG_ENABLE_OBJC_ARC = YES;
				CLANG_ENABLE_OBJC_WEAK = YES;
				CLANG_WARN_BLOCK_CAPTURE_AUTORELEASING = YES;
				CLANG_WARN_BOOL_CONVERSION = YES;
				CLANG_WARN_COMMA = YES;
				CLANG_WARN_CONSTANT_CONVERSION = YES;
				CLANG_WARN_DEPRECATED_OBJC_IMPLEMENTATIONS = YES;
				CLANG_WARN_DIRECT_OBJC_ISA_USAGE = YES_ERROR;
				CLANG_WARN_DOCUMENTATION_COMMENTS = YES;
				CLANG_WARN_EMPTY_BODY = YES;
				CLANG_WARN_ENUM_CONVERSION = YES;
				CLANG_WARN_INFINITE_RECURSION = YES;
				CLANG_WARN_INT_CONVERSION = YES;
				CLANG_WARN_NON_LITERAL_NULL_CONVERSION = YES;
				CLANG_WARN_OBJC_IMPLICIT_RETAIN_SELF = YES;
				CLANG_WARN_OBJC_LITERAL_CONVERSION = YES;
				CLANG_WARN_OBJC_ROOT_CLASS = YES_ERROR;
				CLANG_WARN_QUOTED_INCLUDE_IN_FRAMEWORK_HEADER = YES;
				CLANG_WARN_RANGE_LOOP_ANALYSIS = YES;
				CLANG_WARN_STRICT_PROTOTYPES = YES;
				CLANG_WARN_SUSPICIOUS_MOVE = YES;
				CLANG_WARN_UNGUARDED_AVAILABILITY = YES_AGGRESSIVE;
				CLANG_WARN_UNREACHABLE_CODE = YES;
				CLANG_WARN__DUPLICATE_METHOD_MATCH = YES;
				COPY_PHASE_STRIP = NO;
				DEBUG_INFORMATION_FORMAT = dwarf;
				ENABLE_STRICT_OBJC_MSGSEND = YES;
				ENABLE_TESTABILITY = YES;
				GCC_C_LANGUAGE_STANDARD = gnu11;
				GCC_DYNAMIC_NO_PIC = NO;
				GCC_NO_COMMON_BLOCKS = YES;
				GCC_OPTIMIZATION_LEVEL = 0;
				GCC_PREPROCESSOR_DEFINITIONS = (
					"DEBUG=1",
					"$(inherited)",
				);
				GCC_WARN_64_TO_32_BIT_CONVERSION = YES;
				GCC_WARN_ABOUT_RETURN_TYPE = YES_ERROR;
				GCC_WARN_UNDECLARED_SELECTOR = YES;
				GCC_WARN_UNINITIALIZED_AUTOS = YES_AGGRESSIVE;
				GCC_WARN_UNUSED_FUNCTION = YES;
				GCC_WARN_UNUSED_VARIABLE = YES;
				MACOSX_DEPLOYMENT_TARGET = 13.3;
				MTL_ENABLE_DEBUG_INFO = INCLUDE_SOURCE;
				MTL_FAST_MATH = YES;
				ONLY_ACTIVE_ARCH = YES;
				SDKROOT = macosx;
				SWIFT_ACTIVE_COMPILATION_CONDITIONS = DEBUG;
				SWIFT_OPTIMIZATION_LEVEL = "-Onone";
			};
			name = Debug;
		};
		4C79BEEE2A553F0E006A793C /* Release */ = {
			isa = XCBuildConfiguration;
			buildSettings = {
				ALWAYS_SEARCH_USER_PATHS = NO;
				CLANG_ANALYZER_NONNULL = YES;
				CLANG_ANALYZER_NUMBER_OBJECT_CONVERSION = YES_AGGRESSIVE;
				CLANG_CXX_LANGUAGE_STANDARD = "gnu++20";
				CLANG_ENABLE_MODULES = YES;
				CLANG_ENABLE_OBJC_ARC = YES;
				CLANG_ENABLE_OBJC_WEAK = YES;
				CLANG_WARN_BLOCK_CAPTURE_AUTORELEASING = YES;
				CLANG_WARN_BOOL_CONVERSION = YES;
				CLANG_WARN_COMMA = YES;
				CLANG_WARN_CONSTANT_CONVERSION = YES;
				CLANG_WARN_DEPRECATED_OBJC_IMPLEMENTATIONS = YES;
				CLANG_WARN_DIRECT_OBJC_ISA_USAGE = YES_ERROR;
				CLANG_WARN_DOCUMENTATION_COMMENTS = YES;
				CLANG_WARN_EMPTY_BODY = YES;
				CLANG_WARN_ENUM_CONVERSION = YES;
				CLANG_WARN_INFINITE_RECURSION = YES;
				CLANG_WARN_INT_CONVERSION = YES;
				CLANG_WARN_NON_LITERAL_NULL_CONVERSION = YES;
				CLANG_WARN_OBJC_IMPLICIT_RETAIN_SELF = YES;
				CLANG_WARN_OBJC_LITERAL_CONVERSION = YES;
				CLANG_WARN_OBJC_ROOT_CLASS = YES_ERROR;
				CLANG_WARN_QUOTED_INCLUDE_IN_FRAMEWORK_HEADER = YES;
				CLANG_WARN_RANGE_LOOP_ANALYSIS = YES;
				CLANG_WARN_STRICT_PROTOTYPES = YES;
				CLANG_WARN_SUSPICIOUS_MOVE = YES;
				CLANG_WARN_UNGUARDED_AVAILABILITY = YES_AGGRESSIVE;
				CLANG_WARN_UNREACHABLE_CODE = YES;
				CLANG_WARN__DUPLICATE_METHOD_MATCH = YES;
				COPY_PHASE_STRIP = NO;
				DEBUG_INFORMATION_FORMAT = "dwarf-with-dsym";
				ENABLE_NS_ASSERTIONS = NO;
				ENABLE_STRICT_OBJC_MSGSEND = YES;
				GCC_C_LANGUAGE_STANDARD = gnu11;
				GCC_NO_COMMON_BLOCKS = YES;
				GCC_WARN_64_TO_32_BIT_CONVERSION = YES;
				GCC_WARN_ABOUT_RETURN_TYPE = YES_ERROR;
				GCC_WARN_UNDECLARED_SELECTOR = YES;
				GCC_WARN_UNINITIALIZED_AUTOS = YES_AGGRESSIVE;
				GCC_WARN_UNUSED_FUNCTION = YES;
				GCC_WARN_UNUSED_VARIABLE = YES;
				MACOSX_DEPLOYMENT_TARGET = 13.3;
				MTL_ENABLE_DEBUG_INFO = NO;
				MTL_FAST_MATH = YES;
				SDKROOT = macosx;
				SWIFT_COMPILATION_MODE = wholemodule;
				SWIFT_OPTIMIZATION_LEVEL = "-O";
			};
			name = Release;
		};
		4C79BEF02A553F0E006A793C /* Debug */ = {
			isa = XCBuildConfiguration;
			buildSettings = {
				ASSETCATALOG_COMPILER_APPICON_NAME = AppIcon;
				ASSETCATALOG_COMPILER_GLOBAL_ACCENT_COLOR_NAME = AccentColor;
				CODE_SIGN_ENTITLEMENTS = LangSwitch/LangSwitch.entitlements;
				"CODE_SIGN_IDENTITY[sdk=macosx*]" = "Apple Development";
				CODE_SIGN_STYLE = Automatic;
				COMBINE_HIDPI_IMAGES = YES;
				CURRENT_PROJECT_VERSION = 4;
				DEVELOPMENT_ASSET_PATHS = "\"LangSwitch/Preview Content\"";
				DEVELOPMENT_TEAM = X3Z75V6JU2;
				ENABLE_HARDENED_RUNTIME = YES;
				ENABLE_PREVIEWS = YES;
				GENERATE_INFOPLIST_FILE = YES;
				INFOPLIST_KEY_CFBundleDisplayName = LangSwitch;
				INFOPLIST_KEY_LSApplicationCategoryType = "public.app-category.utilities";
				INFOPLIST_KEY_NSHumanReadableCopyright = "";
				LD_RUNPATH_SEARCH_PATHS = (
					"$(inherited)",
					"@executable_path/../Frameworks",
				);
				MACOSX_DEPLOYMENT_TARGET = 11.0;
				MARKETING_VERSION = 1.1.0;
				PRODUCT_BUNDLE_IDENTIFIER = com.nikeev.LangSwitch;
				PRODUCT_NAME = "$(TARGET_NAME)";
				SWIFT_EMIT_LOC_STRINGS = YES;
				SWIFT_VERSION = 5.0;
			};
			name = Debug;
		};
		4C79BEF12A553F0E006A793C /* Release */ = {
			isa = XCBuildConfiguration;
			buildSettings = {
				ASSETCATALOG_COMPILER_APPICON_NAME = AppIcon;
				ASSETCATALOG_COMPILER_GLOBAL_ACCENT_COLOR_NAME = AccentColor;
				CODE_SIGN_ENTITLEMENTS = LangSwitch/LangSwitch.entitlements;
				"CODE_SIGN_IDENTITY[sdk=macosx*]" = "Apple Development";
				CODE_SIGN_STYLE = Automatic;
				COMBINE_HIDPI_IMAGES = YES;
				CURRENT_PROJECT_VERSION = 4;
				DEVELOPMENT_ASSET_PATHS = "\"LangSwitch/Preview Content\"";
				DEVELOPMENT_TEAM = X3Z75V6JU2;
				ENABLE_HARDENED_RUNTIME = YES;
				ENABLE_PREVIEWS = YES;
				GENERATE_INFOPLIST_FILE = YES;
				INFOPLIST_KEY_CFBundleDisplayName = LangSwitch;
				INFOPLIST_KEY_LSApplicationCategoryType = "public.app-category.utilities";
				INFOPLIST_KEY_NSHumanReadableCopyright = "";
				LD_RUNPATH_SEARCH_PATHS = (
					"$(inherited)",
					"@executable_path/../Frameworks",
				);
				MACOSX_DEPLOYMENT_TARGET = 11.0;
				MARKETING_VERSION = 1.1.0;
				PRODUCT_BUNDLE_IDENTIFIER = com.nikeev.LangSwitch;
				PRODUCT_NAME = "$(TARGET_NAME)";
				SWIFT_EMIT_LOC_STRINGS = YES;
				SWIFT_VERSION = 5.0;
			};
			name = Release;
		};
		4C79BEF32A553F0E006A793C /* Debug */ = {
			isa = XCBuildConfiguration;
			buildSettings = {
				ALWAYS_EMBED_SWIFT_STANDARD_LIBRARIES = YES;
				BUNDLE_LOADER = "$(TEST_HOST)";
				CODE_SIGN_STYLE = Automatic;
				CURRENT_PROJECT_VERSION = 1;
				GENERATE_INFOPLIST_FILE = YES;
				MACOSX_DEPLOYMENT_TARGET = 13.3;
				MARKETING_VERSION = 1.0;
				PRODUCT_BUNDLE_IDENTIFIER = com.nikeev.LangSwitchTests;
				PRODUCT_NAME = "$(TARGET_NAME)";
				SWIFT_EMIT_LOC_STRINGS = NO;
				SWIFT_VERSION = 5.0;
				TEST_HOST = "$(BUILT_PRODUCTS_DIR)/LangSwitch.app/$(BUNDLE_EXECUTABLE_FOLDER_PATH)/LangSwitch";
			};
			name = Debug;
		};
		4C79BEF42A553F0E006A793C /* Release */ = {
			isa = XCBuildConfiguration;
			buildSettings = {
				ALWAYS_EMBED_SWIFT_STANDARD_LIBRARIES = YES;
				BUNDLE_LOADER = "$(TEST_HOST)";
				CODE_SIGN_STYLE = Automatic;
				CURRENT_PROJECT_VERSION = 1;
				GENERATE_INFOPLIST_FILE = YES;
				MACOSX_DEPLOYMENT_TARGET = 13.3;
				MARKETING_VERSION = 1.0;
				PRODUCT_BUNDLE_IDENTIFIER = com.nikeev.LangSwitchTests;
				PRODUCT_NAME = "$(TARGET_NAME)";
				SWIFT_EMIT_LOC_STRINGS = NO;
				SWIFT_VERSION = 5.0;
				TEST_HOST = "$(BUILT_PRODUCTS_DIR)/LangSwitch.app/$(BUNDLE_EXECUTABLE_FOLDER_PATH)/LangSwitch";
			};
			name = Release;
		};
		4C79BEF62A553F0E006A793C /* Debug */ = {
			isa = XCBuildConfiguration;
			buildSettings = {
				ALWAYS_EMBED_SWIFT_STANDARD_LIBRARIES = YES;
				CODE_SIGN_STYLE = Automatic;
				CURRENT_PROJECT_VERSION = 1;
				GENERATE_INFOPLIST_FILE = YES;
				MARKETING_VERSION = 1.0;
				PRODUCT_BUNDLE_IDENTIFIER = com.nikeev.LangSwitchUITests;
				PRODUCT_NAME = "$(TARGET_NAME)";
				SWIFT_EMIT_LOC_STRINGS = NO;
				SWIFT_VERSION = 5.0;
				TEST_TARGET_NAME = LangSwitch;
			};
			name = Debug;
		};
		4C79BEF72A553F0E006A793C /* Release */ = {
			isa = XCBuildConfiguration;
			buildSettings = {
				ALWAYS_EMBED_SWIFT_STANDARD_LIBRARIES = YES;
				CODE_SIGN_STYLE = Automatic;
				CURRENT_PROJECT_VERSION = 1;
				GENERATE_INFOPLIST_FILE = YES;
				MARKETING_VERSION = 1.0;
				PRODUCT_BUNDLE_IDENTIFIER = com.nikeev.LangSwitchUITests;
				PRODUCT_NAME = "$(TARGET_NAME)";
				SWIFT_EMIT_LOC_STRINGS = NO;
				SWIFT_VERSION = 5.0;
				TEST_TARGET_NAME = LangSwitch;
			};
			name = Release;
		};
/* End XCBuildConfiguration section */

/* Begin XCConfigurationList section */
		4C79BEC52A553F0D006A793C /* Build configuration list for PBXProject "LangSwitch" */ = {
			isa = XCConfigurationList;
			buildConfigurations = (
				4C79BEED2A553F0E006A793C /* Debug */,
				4C79BEEE2A553F0E006A793C /* Release */,
			);
			defaultConfigurationIsVisible = 0;
			defaultConfigurationName = Release;
		};
		4C79BEEF2A553F0E006A793C /* Build configuration list for PBXNativeTarget "LangSwitch" */ = {
			isa = XCConfigurationList;
			buildConfigurations = (
				4C79BEF02A553F0E006A793C /* Debug */,
				4C79BEF12A553F0E006A793C /* Release */,
			);
			defaultConfigurationIsVisible = 0;
			defaultConfigurationName = Release;
		};
		4C79BEF22A553F0E006A793C /* Build configuration list for PBXNativeTarget "LangSwitchTests" */ = {
			isa = XCConfigurationList;
			buildConfigurations = (
				4C79BEF32A553F0E006A793C /* Debug */,
				4C79BEF42A553F0E006A793C /* Release */,
			);
			defaultConfigurationIsVisible = 0;
			defaultConfigurationName = Release;
		};
		4C79BEF52A553F0E006A793C /* Build configuration list for PBXNativeTarget "LangSwitchUITests" */ = {
			isa = XCConfigurationList;
			buildConfigurations = (
				4C79BEF62A553F0E006A793C /* Debug */,
				4C79BEF72A553F0E006A793C /* Release */,
			);
			defaultConfigurationIsVisible = 0;
			defaultConfigurationName = Release;
		};
/* End XCConfigurationList section */
	};
	rootObject = 4C79BEC22A553F0D006A793C /* Project object */;
}
